
Microsoft Visual Studio Solution File, Format Version 12.00
# Visual Studio Version 16
VisualStudioVersion = 16.0.30011.22
MinimumVisualStudioVersion = 10.0.40219.1
Project("{FAE04EC0-301F-11D3-BF4B-00C04F79EFBC}") = "Лаб5 АСД", "Лаб5 АСД.csproj", "{E5E2CC1C-DCE3-4166-B101-9F212DF920EF}"
EndProject
Global
	GlobalSection(SolutionConfigurationPlatforms) = preSolution
		Debug|Any CPU = Debug|Any CPU
		Release|Any CPU = Release|Any CPU
	EndGlobalSection
	GlobalSection(ProjectConfigurationPlatforms) = postSolution
		{E5E2CC1C-DCE3-4166-B101-9F212DF920EF}.Debug|Any CPU.ActiveCfg = Debug|Any CPU
		{E5E2CC1C-DCE3-4166-B101-9F212DF920EF}.Debug|Any CPU.Build.0 = Debug|Any CPU
		{E5E2CC1C-DCE3-4166-B101-9F212DF920EF}.Release|Any CPU.ActiveCfg = Release|Any CPU
		{E5E2CC1C-DCE3-4166-B101-9F212DF920EF}.Release|Any CPU.Build.0 = Release|Any CPU
	EndGlobalSection
	GlobalSection(SolutionProperties) = preSolution
		HideSolutionNode = FALSE
	EndGlobalSection
	GlobalSection(ExtensibilityGlobals) = postSolution
		SolutionGuid = {BBA78E75-BF72-4598-99B4-82F7FDA2BB57}
	EndGlobalSection
EndGlobal
